// !$*UTF8*$!
{
	archiveVersion = 1;
	classes = {
	};
	objectVersion = 50;
	objects = {

/* Begin PBXBuildFile section */
		1119F970221392BD006CA1A1 /* ChatRoomTableViewController.swift in Sources */ = {isa = PBXBuildFile; fileRef = 1119F96F221392BD006CA1A1 /* ChatRoomTableViewController.swift */; };
		1119F9752213932F006CA1A1 /* MessageViewController.swift in Sources */ = {isa = PBXBuildFile; fileRef = 1119F9742213932F006CA1A1 /* MessageViewController.swift */; };
		1119F977221394C1006CA1A1 /* Model.swift in Sources */ = {isa = PBXBuildFile; fileRef = 1119F976221394C1006CA1A1 /* Model.swift */; };
		11BF95B1221370B700CFC319 /* AppDelegate.swift in Sources */ = {isa = PBXBuildFile; fileRef = 11BF95B0221370B700CFC319 /* AppDelegate.swift */; };
		11BF95B6221370B700CFC319 /* Main.storyboard in Resources */ = {isa = PBXBuildFile; fileRef = 11BF95B4221370B700CFC319 /* Main.storyboard */; };
		11BF95B8221370BA00CFC319 /* Assets.xcassets in Resources */ = {isa = PBXBuildFile; fileRef = 11BF95B7221370BA00CFC319 /* Assets.xcassets */; };
		11BF95BB221370BA00CFC319 /* LaunchScreen.storyboard in Resources */ = {isa = PBXBuildFile; fileRef = 11BF95B9221370BA00CFC319 /* LaunchScreen.storyboard */; };
		11BF95C3221372CC00CFC319 /* GoogleService-Info.plist in Resources */ = {isa = PBXBuildFile; fileRef = 11BF95C2221372CC00CFC319 /* GoogleService-Info.plist */; };
		35892186E6EE6D579BC148F3 /* Pods_Firebase_Chat.framework in Frameworks */ = {isa = PBXBuildFile; fileRef = 68FAA47B42B6F6386E6BE1DF /* Pods_Firebase_Chat.framework */; };
/* End PBXBuildFile section */

/* Begin PBXFileReference section */
		1119F96F221392BD006CA1A1 /* ChatRoomTableViewController.swift */ = {isa = PBXFileReference; lastKnownFileType = sourcecode.swift; name = ChatRoomTableViewController.swift; path = "/Users/madisonwaters/Desktop/iOS-dev/ios4/solo/frameworks/ios-firebase-chat/Firebase-Chat/Firebase Chat/ChatRoomTableViewController.swift"; sourceTree = "<absolute>"; };
		1119F9742213932F006CA1A1 /* MessageViewController.swift */ = {isa = PBXFileReference; lastKnownFileType = sourcecode.swift; path = MessageViewController.swift; sourceTree = "<group>"; };
		1119F976221394C1006CA1A1 /* Model.swift */ = {isa = PBXFileReference; lastKnownFileType = sourcecode.swift; path = Model.swift; sourceTree = "<group>"; };
		11BF95AD221370B700CFC319 /* Firebase Chat.app */ = {isa = PBXFileReference; explicitFileType = wrapper.application; includeInIndex = 0; path = "Firebase Chat.app"; sourceTree = BUILT_PRODUCTS_DIR; };
		11BF95B0221370B700CFC319 /* AppDelegate.swift */ = {isa = PBXFileReference; lastKnownFileType = sourcecode.swift; path = AppDelegate.swift; sourceTree = "<group>"; };
		11BF95B5221370B700CFC319 /* Base */ = {isa = PBXFileReference; lastKnownFileType = file.storyboard; name = Base; path = Base.lproj/Main.storyboard; sourceTree = "<group>"; };
		11BF95B7221370BA00CFC319 /* Assets.xcassets */ = {isa = PBXFileReference; lastKnownFileType = folder.assetcatalog; path = Assets.xcassets; sourceTree = "<group>"; };
		11BF95BA221370BA00CFC319 /* Base */ = {isa = PBXFileReference; lastKnownFileType = file.storyboard; name = Base; path = Base.lproj/LaunchScreen.storyboard; sourceTree = "<group>"; };
		11BF95BC221370BA00CFC319 /* Info.plist */ = {isa = PBXFileReference; lastKnownFileType = text.plist.xml; path = Info.plist; sourceTree = "<group>"; };
		11BF95C2221372CC00CFC319 /* GoogleService-Info.plist */ = {isa = PBXFileReference; fileEncoding = 4; lastKnownFileType = text.plist.xml; path = "GoogleService-Info.plist"; sourceTree = "<group>"; };
		66F7A4F92886DCA31914CE63 /* Pods-Firebase Chat.release.xcconfig */ = {isa = PBXFileReference; includeInIndex = 1; lastKnownFileType = text.xcconfig; name = "Pods-Firebase Chat.release.xcconfig"; path = "Target Support Files/Pods-Firebase Chat/Pods-Firebase Chat.release.xcconfig"; sourceTree = "<group>"; };
		68FAA47B42B6F6386E6BE1DF /* Pods_Firebase_Chat.framework */ = {isa = PBXFileReference; explicitFileType = wrapper.framework; includeInIndex = 0; path = Pods_Firebase_Chat.framework; sourceTree = BUILT_PRODUCTS_DIR; };
		A7CF17EEC524084D7187BEB0 /* Pods-Firebase Chat.debug.xcconfig */ = {isa = PBXFileReference; includeInIndex = 1; lastKnownFileType = text.xcconfig; name = "Pods-Firebase Chat.debug.xcconfig"; path = "Target Support Files/Pods-Firebase Chat/Pods-Firebase Chat.debug.xcconfig"; sourceTree = "<group>"; };
/* End PBXFileReference section */

/* Begin PBXFrameworksBuildPhase section */
		11BF95AA221370B700CFC319 /* Frameworks */ = {
			isa = PBXFrameworksBuildPhase;
			buildActionMask = 2147483647;
			files = (
				35892186E6EE6D579BC148F3 /* Pods_Firebase_Chat.framework in Frameworks */,
			);
			runOnlyForDeploymentPostprocessing = 0;
		};
/* End PBXFrameworksBuildPhase section */

/* Begin PBXGroup section */
		1119F971221392CB006CA1A1 /* Resources */ = {
			isa = PBXGroup;
			children = (
				11BF95B7221370BA00CFC319 /* Assets.xcassets */,
				11BF95B9221370BA00CFC319 /* LaunchScreen.storyboard */,
				11BF95BC221370BA00CFC319 /* Info.plist */,
				11BF95C2221372CC00CFC319 /* GoogleService-Info.plist */,
			);
			path = Resources;
			sourceTree = "<group>";
		};
		1119F972221392D6006CA1A1 /* View Controllers */ = {
			isa = PBXGroup;
			children = (
				1119F96F221392BD006CA1A1 /* ChatRoomTableViewController.swift */,
				1119F9742213932F006CA1A1 /* MessageViewController.swift */,
			);
			path = "View Controllers";
			sourceTree = "<group>";
		};
		1119F973221392E2006CA1A1 /* Storyboards */ = {
			isa = PBXGroup;
			children = (
				11BF95B4221370B700CFC319 /* Main.storyboard */,
			);
			path = Storyboards;
			sourceTree = "<group>";
		};
		1119F978221394C6006CA1A1 /* Model */ = {
			isa = PBXGroup;
			children = (
				1119F976221394C1006CA1A1 /* Model.swift */,
			);
			path = Model;
			sourceTree = "<group>";
		};
		11BF95A4221370B700CFC319 = {
			isa = PBXGroup;
			children = (
				11BF95AF221370B700CFC319 /* Firebase Chat */,
				11BF95AE221370B700CFC319 /* Products */,
				9157E85601A416946442359D /* Pods */,
				E6D3CB62D934FC3E514C6137 /* Frameworks */,
			);
			sourceTree = "<group>";
		};
		11BF95AE221370B700CFC319 /* Products */ = {
			isa = PBXGroup;
			children = (
				11BF95AD221370B700CFC319 /* Firebase Chat.app */,
			);
			name = Products;
			sourceTree = "<group>";
		};
		11BF95AF221370B700CFC319 /* Firebase Chat */ = {
			isa = PBXGroup;
			children = (
				11BF95B0221370B700CFC319 /* AppDelegate.swift */,
				1119F973221392E2006CA1A1 /* Storyboards */,
				1119F978221394C6006CA1A1 /* Model */,
				1119F972221392D6006CA1A1 /* View Controllers */,
				1119F971221392CB006CA1A1 /* Resources */,
			);
			path = "Firebase Chat";
			sourceTree = "<group>";
		};
		9157E85601A416946442359D /* Pods */ = {
			isa = PBXGroup;
			children = (
				A7CF17EEC524084D7187BEB0 /* Pods-Firebase Chat.debug.xcconfig */,
				66F7A4F92886DCA31914CE63 /* Pods-Firebase Chat.release.xcconfig */,
			);
			path = Pods;
			sourceTree = "<group>";
		};
		E6D3CB62D934FC3E514C6137 /* Frameworks */ = {
			isa = PBXGroup;
			children = (
				68FAA47B42B6F6386E6BE1DF /* Pods_Firebase_Chat.framework */,
			);
			name = Frameworks;
			sourceTree = "<group>";
		};
/* End PBXGroup section */

/* Begin PBXNativeTarget section */
		11BF95AC221370B700CFC319 /* Firebase Chat */ = {
			isa = PBXNativeTarget;
			buildConfigurationList = 11BF95BF221370BA00CFC319 /* Build configuration list for PBXNativeTarget "Firebase Chat" */;
			buildPhases = (
				537C702654228BBD454AE869 /* [CP] Check Pods Manifest.lock */,
				11BF95A9221370B700CFC319 /* Sources */,
				11BF95AA221370B700CFC319 /* Frameworks */,
				11BF95AB221370B700CFC319 /* Resources */,
				C0987574D70774AA54848801 /* [CP] Embed Pods Frameworks */,
			);
			buildRules = (
			);
			dependencies = (
			);
			name = "Firebase Chat";
			productName = "Firebase Chat";
			productReference = 11BF95AD221370B700CFC319 /* Firebase Chat.app */;
			productType = "com.apple.product-type.application";
		};
/* End PBXNativeTarget section */

/* Begin PBXProject section */
		11BF95A5221370B700CFC319 /* Project object */ = {
			isa = PBXProject;
			attributes = {
				LastSwiftUpdateCheck = 1010;
				LastUpgradeCheck = 1010;
				ORGANIZATIONNAME = "Jonah Bergevin";
				TargetAttributes = {
					11BF95AC221370B700CFC319 = {
						CreatedOnToolsVersion = 10.1;
					};
				};
			};
			buildConfigurationList = 11BF95A8221370B700CFC319 /* Build configuration list for PBXProject "Firebase Chat" */;
			compatibilityVersion = "Xcode 9.3";
			developmentRegion = en;
			hasScannedForEncodings = 0;
			knownRegions = (
				en,
				Base,
			);
			mainGroup = 11BF95A4221370B700CFC319;
			productRefGroup = 11BF95AE221370B700CFC319 /* Products */;
			projectDirPath = "";
			projectRoot = "";
			targets = (
				11BF95AC221370B700CFC319 /* Firebase Chat */,
			);
		};
/* End PBXProject section */

/* Begin PBXResourcesBuildPhase section */
		11BF95AB221370B700CFC319 /* Resources */ = {
			isa = PBXResourcesBuildPhase;
			buildActionMask = 2147483647;
			files = (
				11BF95BB221370BA00CFC319 /* LaunchScreen.storyboard in Resources */,
				11BF95B8221370BA00CFC319 /* Assets.xcassets in Resources */,
				11BF95B6221370B700CFC319 /* Main.storyboard in Resources */,
				11BF95C3221372CC00CFC319 /* GoogleService-Info.plist in Resources */,
			);
			runOnlyForDeploymentPostprocessing = 0;
		};
/* End PBXResourcesBuildPhase section */

/* Begin PBXShellScriptBuildPhase section */
		537C702654228BBD454AE869 /* [CP] Check Pods Manifest.lock */ = {
			isa = PBXShellScriptBuildPhase;
			buildActionMask = 2147483647;
			files = (
			);
			inputFileListPaths = (
			);
			inputPaths = (
				"${PODS_PODFILE_DIR_PATH}/Podfile.lock",
				"${PODS_ROOT}/Manifest.lock",
			);
			name = "[CP] Check Pods Manifest.lock";
			outputFileListPaths = (
			);
			outputPaths = (
				"$(DERIVED_FILE_DIR)/Pods-Firebase Chat-checkManifestLockResult.txt",
			);
			runOnlyForDeploymentPostprocessing = 0;
			shellPath = /bin/sh;
			shellScript = "diff \"${PODS_PODFILE_DIR_PATH}/Podfile.lock\" \"${PODS_ROOT}/Manifest.lock\" > /dev/null\nif [ $? != 0 ] ; then\n    # print error to STDERR\n    echo \"error: The sandbox is not in sync with the Podfile.lock. Run 'pod install' or update your CocoaPods installation.\" >&2\n    exit 1\nfi\n# This output is used by Xcode 'outputs' to avoid re-running this script phase.\necho \"SUCCESS\" > \"${SCRIPT_OUTPUT_FILE_0}\"\n";
			showEnvVarsInLog = 0;
		};
		C0987574D70774AA54848801 /* [CP] Embed Pods Frameworks */ = {
			isa = PBXShellScriptBuildPhase;
			buildActionMask = 2147483647;
			files = (
			);
			inputFileListPaths = (
			);
			inputPaths = (
				"${PODS_ROOT}/Target Support Files/Pods-Firebase Chat/Pods-Firebase Chat-frameworks.sh",
				"${BUILT_PRODUCTS_DIR}/GoogleUtilities/GoogleUtilities.framework",
				"${BUILT_PRODUCTS_DIR}/MessageInputBar/MessageInputBar.framework",
				"${BUILT_PRODUCTS_DIR}/MessageKit/MessageKit.framework",
				"${BUILT_PRODUCTS_DIR}/leveldb-library/leveldb.framework",
				"${BUILT_PRODUCTS_DIR}/nanopb/nanopb.framework",
			);
			name = "[CP] Embed Pods Frameworks";
			outputFileListPaths = (
			);
			outputPaths = (
				"${TARGET_BUILD_DIR}/${FRAMEWORKS_FOLDER_PATH}/GoogleUtilities.framework",
				"${TARGET_BUILD_DIR}/${FRAMEWORKS_FOLDER_PATH}/MessageInputBar.framework",
				"${TARGET_BUILD_DIR}/${FRAMEWORKS_FOLDER_PATH}/MessageKit.framework",
				"${TARGET_BUILD_DIR}/${FRAMEWORKS_FOLDER_PATH}/leveldb.framework",
				"${TARGET_BUILD_DIR}/${FRAMEWORKS_FOLDER_PATH}/nanopb.framework",
			);
			runOnlyForDeploymentPostprocessing = 0;
			shellPath = /bin/sh;
			shellScript = "\"${PODS_ROOT}/Target Support Files/Pods-Firebase Chat/Pods-Firebase Chat-frameworks.sh\"\n";
			showEnvVarsInLog = 0;
		};
/* End PBXShellScriptBuildPhase section */

/* Begin PBXSourcesBuildPhase section */
		11BF95A9221370B700CFC319 /* Sources */ = {
			isa = PBXSourcesBuildPhase;
			buildActionMask = 2147483647;
			files = (
				1119F970221392BD006CA1A1 /* ChatRoomTableViewController.swift in Sources */,
				1119F9752213932F006CA1A1 /* MessageViewController.swift in Sources */,
				11BF95B1221370B700CFC319 /* AppDelegate.swift in Sources */,
				1119F977221394C1006CA1A1 /* Model.swift in Sources */,
			);
			runOnlyForDeploymentPostprocessing = 0;
		};
/* End PBXSourcesBuildPhase section */

/* Begin PBXVariantGroup section */
		11BF95B4221370B700CFC319 /* Main.storyboard */ = {
			isa = PBXVariantGroup;
			children = (
				11BF95B5221370B700CFC319 /* Base */,
			);
			name = Main.storyboard;
			sourceTree = "<group>";
		};
		11BF95B9221370BA00CFC319 /* LaunchScreen.storyboard */ = {
			isa = PBXVariantGroup;
			children = (
				11BF95BA221370BA00CFC319 /* Base */,
			);
			name = LaunchScreen.storyboard;
			sourceTree = "<group>";
		};
/* End PBXVariantGroup section */

/* Begin XCBuildConfiguration section */
		11BF95BD221370BA00CFC319 /* Debug */ = {
			isa = XCBuildConfiguration;
			buildSettings = {
				ALWAYS_SEARCH_USER_PATHS = NO;
				CLANG_ANALYZER_NONNULL = YES;
				CLANG_ANALYZER_NUMBER_OBJECT_CONVERSION = YES_AGGRESSIVE;
				CLANG_CXX_LANGUAGE_STANDARD = "gnu++14";
				CLANG_CXX_LIBRARY = "libc++";
				CLANG_ENABLE_MODULES = YES;
				CLANG_ENABLE_OBJC_ARC = YES;
				CLANG_ENABLE_OBJC_WEAK = YES;
				CLANG_WARN_BLOCK_CAPTURE_AUTORELEASING = YES;
				CLANG_WARN_BOOL_CONVERSION = YES;
				CLANG_WARN_COMMA = YES;
				CLANG_WARN_CONSTANT_CONVERSION = YES;
				CLANG_WARN_DEPRECATED_OBJC_IMPLEMENTATIONS = YES;
				CLANG_WARN_DIRECT_OBJC_ISA_USAGE = YES_ERROR;
				CLANG_WARN_DOCUMENTATION_COMMENTS = YES;
				CLANG_WARN_EMPTY_BODY = YES;
				CLANG_WARN_ENUM_CONVERSION = YES;
				CLANG_WARN_INFINITE_RECURSION = YES;
				CLANG_WARN_INT_CONVERSION = YES;
				CLANG_WARN_NON_LITERAL_NULL_CONVERSION = YES;
				CLANG_WARN_OBJC_IMPLICIT_RETAIN_SELF = YES;
				CLANG_WARN_OBJC_LITERAL_CONVERSION = YES;
				CLANG_WARN_OBJC_ROOT_CLASS = YES_ERROR;
				CLANG_WARN_RANGE_LOOP_ANALYSIS = YES;
				CLANG_WARN_STRICT_PROTOTYPES = YES;
				CLANG_WARN_SUSPICIOUS_MOVE = YES;
				CLANG_WARN_UNGUARDED_AVAILABILITY = YES_AGGRESSIVE;
				CLANG_WARN_UNREACHABLE_CODE = YES;
				CLANG_WARN__DUPLICATE_METHOD_MATCH = YES;
				CODE_SIGN_IDENTITY = "iPhone Developer";
				COPY_PHASE_STRIP = NO;
				DEBUG_INFORMATION_FORMAT = dwarf;
				ENABLE_STRICT_OBJC_MSGSEND = YES;
				ENABLE_TESTABILITY = YES;
				GCC_C_LANGUAGE_STANDARD = gnu11;
				GCC_DYNAMIC_NO_PIC = NO;
				GCC_NO_COMMON_BLOCKS = YES;
				GCC_OPTIMIZATION_LEVEL = 0;
				GCC_PREPROCESSOR_DEFINITIONS = (
					"DEBUG=1",
					"$(inherited)",
				);
				GCC_WARN_64_TO_32_BIT_CONVERSION = YES;
				GCC_WARN_ABOUT_RETURN_TYPE = YES_ERROR;
				GCC_WARN_UNDECLARED_SELECTOR = YES;
				GCC_WARN_UNINITIALIZED_AUTOS = YES_AGGRESSIVE;
				GCC_WARN_UNUSED_FUNCTION = YES;
				GCC_WARN_UNUSED_VARIABLE = YES;
				IPHONEOS_DEPLOYMENT_TARGET = 12.1;
				MTL_ENABLE_DEBUG_INFO = INCLUDE_SOURCE;
				MTL_FAST_MATH = YES;
				ONLY_ACTIVE_ARCH = YES;
				SDKROOT = iphoneos;
				SWIFT_ACTIVE_COMPILATION_CONDITIONS = DEBUG;
				SWIFT_OPTIMIZATION_LEVEL = "-Onone";
			};
			name = Debug;
		};
		11BF95BE221370BA00CFC319 /* Release */ = {
			isa = XCBuildConfiguration;
			buildSettings = {
				ALWAYS_SEARCH_USER_PATHS = NO;
				CLANG_ANALYZER_NONNULL = YES;
				CLANG_ANALYZER_NUMBER_OBJECT_CONVERSION = YES_AGGRESSIVE;
				CLANG_CXX_LANGUAGE_STANDARD = "gnu++14";
				CLANG_CXX_LIBRARY = "libc++";
				CLANG_ENABLE_MODULES = YES;
				CLANG_ENABLE_OBJC_ARC = YES;
				CLANG_ENABLE_OBJC_WEAK = YES;
				CLANG_WARN_BLOCK_CAPTURE_AUTORELEASING = YES;
				CLANG_WARN_BOOL_CONVERSION = YES;
				CLANG_WARN_COMMA = YES;
				CLANG_WARN_CONSTANT_CONVERSION = YES;
				CLANG_WARN_DEPRECATED_OBJC_IMPLEMENTATIONS = YES;
				CLANG_WARN_DIRECT_OBJC_ISA_USAGE = YES_ERROR;
				CLANG_WARN_DOCUMENTATION_COMMENTS = YES;
				CLANG_WARN_EMPTY_BODY = YES;
				CLANG_WARN_ENUM_CONVERSION = YES;
				CLANG_WARN_INFINITE_RECURSION = YES;
				CLANG_WARN_INT_CONVERSION = YES;
				CLANG_WARN_NON_LITERAL_NULL_CONVERSION = YES;
				CLANG_WARN_OBJC_IMPLICIT_RETAIN_SELF = YES;
				CLANG_WARN_OBJC_LITERAL_CONVERSION = YES;
				CLANG_WARN_OBJC_ROOT_CLASS = YES_ERROR;
				CLANG_WARN_RANGE_LOOP_ANALYSIS = YES;
				CLANG_WARN_STRICT_PROTOTYPES = YES;
				CLANG_WARN_SUSPICIOUS_MOVE = YES;
				CLANG_WARN_UNGUARDED_AVAILABILITY = YES_AGGRESSIVE;
				CLANG_WARN_UNREACHABLE_CODE = YES;
				CLANG_WARN__DUPLICATE_METHOD_MATCH = YES;
				CODE_SIGN_IDENTITY = "iPhone Developer";
				COPY_PHASE_STRIP = NO;
				DEBUG_INFORMATION_FORMAT = "dwarf-with-dsym";
				ENABLE_NS_ASSERTIONS = NO;
				ENABLE_STRICT_OBJC_MSGSEND = YES;
				GCC_C_LANGUAGE_STANDARD = gnu11;
				GCC_NO_COMMON_BLOCKS = YES;
				GCC_WARN_64_TO_32_BIT_CONVERSION = YES;
				GCC_WARN_ABOUT_RETURN_TYPE = YES_ERROR;
				GCC_WARN_UNDECLARED_SELECTOR = YES;
				GCC_WARN_UNINITIALIZED_AUTOS = YES_AGGRESSIVE;
				GCC_WARN_UNUSED_FUNCTION = YES;
				GCC_WARN_UNUSED_VARIABLE = YES;
				IPHONEOS_DEPLOYMENT_TARGET = 12.1;
				MTL_ENABLE_DEBUG_INFO = NO;
				MTL_FAST_MATH = YES;
				SDKROOT = iphoneos;
				SWIFT_COMPILATION_MODE = wholemodule;
				SWIFT_OPTIMIZATION_LEVEL = "-O";
				VALIDATE_PRODUCT = YES;
			};
			name = Release;
		};
		11BF95C0221370BA00CFC319 /* Debug */ = {
			isa = XCBuildConfiguration;
			baseConfigurationReference = A7CF17EEC524084D7187BEB0 /* Pods-Firebase Chat.debug.xcconfig */;
			buildSettings = {
				ASSETCATALOG_COMPILER_APPICON_NAME = AppIcon;
				CODE_SIGN_STYLE = Automatic;
				INFOPLIST_FILE = "Firebase Chat/Info.plist";
				LD_RUNPATH_SEARCH_PATHS = (
					"$(inherited)",
					"@executable_path/Frameworks",
				);
				PRODUCT_BUNDLE_IDENTIFIER = "com.jdb.Firebase-Chat";
				PRODUCT_NAME = "$(TARGET_NAME)";
				SWIFT_VERSION = 4.2;
				TARGETED_DEVICE_FAMILY = "1,2";
			};
			name = Debug;
		};
		11BF95C1221370BA00CFC319 /* Release */ = {
			isa = XCBuildConfiguration;
			baseConfigurationReference = 66F7A4F92886DCA31914CE63 /* Pods-Firebase Chat.release.xcconfig */;
			buildSettings = {
				ASSETCATALOG_COMPILER_APPICON_NAME = AppIcon;
				CODE_SIGN_STYLE = Automatic;
				INFOPLIST_FILE = "Firebase Chat/Info.plist";
				LD_RUNPATH_SEARCH_PATHS = (
					"$(inherited)",
					"@executable_path/Frameworks",
				);
				PRODUCT_BUNDLE_IDENTIFIER = "com.jdb.Firebase-Chat";
				PRODUCT_NAME = "$(TARGET_NAME)";
				SWIFT_VERSION = 4.2;
				TARGETED_DEVICE_FAMILY = "1,2";
			};
			name = Release;
		};
/* End XCBuildConfiguration section */

/* Begin XCConfigurationList section */
		11BF95A8221370B700CFC319 /* Build configuration list for PBXProject "Firebase Chat" */ = {
			isa = XCConfigurationList;
			buildConfigurations = (
				11BF95BD221370BA00CFC319 /* Debug */,
				11BF95BE221370BA00CFC319 /* Release */,
			);
			defaultConfigurationIsVisible = 0;
			defaultConfigurationName = Release;
		};
		11BF95BF221370BA00CFC319 /* Build configuration list for PBXNativeTarget "Firebase Chat" */ = {
			isa = XCConfigurationList;
			buildConfigurations = (
				11BF95C0221370BA00CFC319 /* Debug */,
				11BF95C1221370BA00CFC319 /* Release */,
			);
			defaultConfigurationIsVisible = 0;
			defaultConfigurationName = Release;
		};
/* End XCConfigurationList section */
	};
	rootObject = 11BF95A5221370B700CFC319 /* Project object */;
}
